
Microsoft Visual Studio Solution File, Format Version 12.00
# Visual Studio Version 16
VisualStudioVersion = 16.0.34031.81
MinimumVisualStudioVersion = 10.0.40219.1
Project("{9A19103F-16F7-4668-BE54-9A1E7A4F7556}") = "ClaysBookStore", "ClaysBookStore\ClaysBookStore.csproj", "{C1E2BBF7-754A-4A69-BE51-9364E0A4FA54}"
EndProject
Project("{FAE04EC0-301F-11D3-BF4B-00C04F79EFBC}") = "ClaysBooks.DataAccess", "ClaysBooks.DataAccess\ClaysBooks.DataAccess.csproj", "{34E68B9E-BA2D-48E1-85D8-EC89BF9AA7A1}"
EndProject
Project("{FAE04EC0-301F-11D3-BF4B-00C04F79EFBC}") = "ClaysBooks.Models", "ClaysBooks.Models\ClaysBooks.Models.csproj", "{748C1CAF-C802-43C3-8903-C276BB0FEAAD}"
EndProject
Project("{FAE04EC0-301F-11D3-BF4B-00C04F79EFBC}") = "ClaysBooks.Utility", "ClaysBooks.Utility\ClaysBooks.Utility.csproj", "{D01B45FE-C7E7-4B92-8AA2-E58F2E524083}"
EndProject
Global
	GlobalSection(SolutionConfigurationPlatforms) = preSolution
		Debug|Any CPU = Debug|Any CPU
		Release|Any CPU = Release|Any CPU
	EndGlobalSection
	GlobalSection(ProjectConfigurationPlatforms) = postSolution
		{C1E2BBF7-754A-4A69-BE51-9364E0A4FA54}.Debug|Any CPU.ActiveCfg = Debug|Any CPU
		{C1E2BBF7-754A-4A69-BE51-9364E0A4FA54}.Debug|Any CPU.Build.0 = Debug|Any CPU
		{C1E2BBF7-754A-4A69-BE51-9364E0A4FA54}.Release|Any CPU.ActiveCfg = Release|Any CPU
		{C1E2BBF7-754A-4A69-BE51-9364E0A4FA54}.Release|Any CPU.Build.0 = Release|Any CPU
		{34E68B9E-BA2D-48E1-85D8-EC89BF9AA7A1}.Debug|Any CPU.ActiveCfg = Debug|Any CPU
		{34E68B9E-BA2D-48E1-85D8-EC89BF9AA7A1}.Debug|Any CPU.Build.0 = Debug|Any CPU
		{34E68B9E-BA2D-48E1-85D8-EC89BF9AA7A1}.Release|Any CPU.ActiveCfg = Release|Any CPU
		{34E68B9E-BA2D-48E1-85D8-EC89BF9AA7A1}.Release|Any CPU.Build.0 = Release|Any CPU
		{748C1CAF-C802-43C3-8903-C276BB0FEAAD}.Debug|Any CPU.ActiveCfg = Debug|Any CPU
		{748C1CAF-C802-43C3-8903-C276BB0FEAAD}.Debug|Any CPU.Build.0 = Debug|Any CPU
		{748C1CAF-C802-43C3-8903-C276BB0FEAAD}.Release|Any CPU.ActiveCfg = Release|Any CPU
		{748C1CAF-C802-43C3-8903-C276BB0FEAAD}.Release|Any CPU.Build.0 = Release|Any CPU
		{D01B45FE-C7E7-4B92-8AA2-E58F2E524083}.Debug|Any CPU.ActiveCfg = Debug|Any CPU
		{D01B45FE-C7E7-4B92-8AA2-E58F2E524083}.Debug|Any CPU.Build.0 = Debug|Any CPU
		{D01B45FE-C7E7-4B92-8AA2-E58F2E524083}.Release|Any CPU.ActiveCfg = Release|Any CPU
		{D01B45FE-C7E7-4B92-8AA2-E58F2E524083}.Release|Any CPU.Build.0 = Release|Any CPU
	EndGlobalSection
	GlobalSection(SolutionProperties) = preSolution
		HideSolutionNode = FALSE
	EndGlobalSection
	GlobalSection(ExtensibilityGlobals) = postSolution
		SolutionGuid = {0FC71185-A023-40F3-B811-FF2025B4ECC6}
	EndGlobalSection
EndGlobal
